// !$*UTF8*$!
{
	archiveVersion = 1;
	classes = {
	};
	objectVersion = 77;
	objects = {

/* Begin PBXContainerItemProxy section */
		A005FD302CEAB7E600DF4AE1 /* PBXContainerItemProxy */ = {
			isa = PBXContainerItemProxy;
			containerPortal = A005FD172CEAB7E400DF4AE1 /* Project object */;
			proxyType = 1;
			remoteGlobalIDString = A005FD1E2CEAB7E400DF4AE1;
			remoteInfo = FitTimer;
		};
		A005FD3A2CEAB7E600DF4AE1 /* PBXContainerItemProxy */ = {
			isa = PBXContainerItemProxy;
			containerPortal = A005FD172CEAB7E400DF4AE1 /* Project object */;
			proxyType = 1;
			remoteGlobalIDString = A005FD1E2CEAB7E400DF4AE1;
			remoteInfo = FitTimer;
		};
/* End PBXContainerItemProxy section */

/* Begin PBXFileReference section */
		A005FD1F2CEAB7E400DF4AE1 /* FitTimer.app */ = {isa = PBXFileReference; explicitFileType = wrapper.application; includeInIndex = 0; path = FitTimer.app; sourceTree = BUILT_PRODUCTS_DIR; };
		A005FD2F2CEAB7E600DF4AE1 /* FitTimerTests.xctest */ = {isa = PBXFileReference; explicitFileType = wrapper.cfbundle; includeInIndex = 0; path = FitTimerTests.xctest; sourceTree = BUILT_PRODUCTS_DIR; };
		A005FD392CEAB7E600DF4AE1 /* FitTimerUITests.xctest */ = {isa = PBXFileReference; explicitFileType = wrapper.cfbundle; includeInIndex = 0; path = FitTimerUITests.xctest; sourceTree = BUILT_PRODUCTS_DIR; };
/* End PBXFileReference section */

/* Begin PBXFileSystemSynchronizedRootGroup section */
		A005FD212CEAB7E400DF4AE1 /* FitTimer */ = {
			isa = PBXFileSystemSynchronizedRootGroup;
			path = FitTimer;
			sourceTree = "<group>";
		};
		A005FD322CEAB7E600DF4AE1 /* FitTimerTests */ = {
			isa = PBXFileSystemSynchronizedRootGroup;
			path = FitTimerTests;
			sourceTree = "<group>";
		};
		A005FD3C2CEAB7E600DF4AE1 /* FitTimerUITests */ = {
			isa = PBXFileSystemSynchronizedRootGroup;
			path = FitTimerUITests;
			sourceTree = "<group>";
		};
/* End PBXFileSystemSynchronizedRootGroup section */

/* Begin PBXFrameworksBuildPhase section */
		A005FD1C2CEAB7E400DF4AE1 /* Frameworks */ = {
			isa = PBXFrameworksBuildPhase;
			buildActionMask = 2147483647;
			files = (
			);
			runOnlyForDeploymentPostprocessing = 0;
		};
		A005FD2C2CEAB7E600DF4AE1 /* Frameworks */ = {
			isa = PBXFrameworksBuildPhase;
			buildActionMask = 2147483647;
			files = (
			);
			runOnlyForDeploymentPostprocessing = 0;
		};
		A005FD362CEAB7E600DF4AE1 /* Frameworks */ = {
			isa = PBXFrameworksBuildPhase;
			buildActionMask = 2147483647;
			files = (
			);
			runOnlyForDeploymentPostprocessing = 0;
		};
/* End PBXFrameworksBuildPhase section */

/* Begin PBXGroup section */
		A005FD162CEAB7E400DF4AE1 = {
			isa = PBXGroup;
			children = (
				A005FD212CEAB7E400DF4AE1 /* FitTimer */,
				A005FD322CEAB7E600DF4AE1 /* FitTimerTests */,
				A005FD3C2CEAB7E600DF4AE1 /* FitTimerUITests */,
				A005FD202CEAB7E400DF4AE1 /* Products */,
			);
			sourceTree = "<group>";
		};
		A005FD202CEAB7E400DF4AE1 /* Products */ = {
			isa = PBXGroup;
			children = (
				A005FD1F2CEAB7E400DF4AE1 /* FitTimer.app */,
				A005FD2F2CEAB7E600DF4AE1 /* FitTimerTests.xctest */,
				A005FD392CEAB7E600DF4AE1 /* FitTimerUITests.xctest */,
			);
			name = Products;
			sourceTree = "<group>";
		};
/* End PBXGroup section */

/* Begin PBXNativeTarget section */
		A005FD1E2CEAB7E400DF4AE1 /* FitTimer */ = {
			isa = PBXNativeTarget;
			buildConfigurationList = A005FD432CEAB7E600DF4AE1 /* Build configuration list for PBXNativeTarget "FitTimer" */;
			buildPhases = (
				A005FD1B2CEAB7E400DF4AE1 /* Sources */,
				A005FD1C2CEAB7E400DF4AE1 /* Frameworks */,
				A005FD1D2CEAB7E400DF4AE1 /* Resources */,
			);
			buildRules = (
			);
			dependencies = (
			);
			fileSystemSynchronizedGroups = (
				A005FD212CEAB7E400DF4AE1 /* FitTimer */,
			);
			name = FitTimer;
			packageProductDependencies = (
			);
			productName = FitTimer;
			productReference = A005FD1F2CEAB7E400DF4AE1 /* FitTimer.app */;
			productType = "com.apple.product-type.application";
		};
		A005FD2E2CEAB7E600DF4AE1 /* FitTimerTests */ = {
			isa = PBXNativeTarget;
			buildConfigurationList = A005FD462CEAB7E600DF4AE1 /* Build configuration list for PBXNativeTarget "FitTimerTests" */;
			buildPhases = (
				A005FD2B2CEAB7E600DF4AE1 /* Sources */,
				A005FD2C2CEAB7E600DF4AE1 /* Frameworks */,
				A005FD2D2CEAB7E600DF4AE1 /* Resources */,
			);
			buildRules = (
			);
			dependencies = (
				A005FD312CEAB7E600DF4AE1 /* PBXTargetDependency */,
			);
			fileSystemSynchronizedGroups = (
				A005FD322CEAB7E600DF4AE1 /* FitTimerTests */,
			);
			name = FitTimerTests;
			packageProductDependencies = (
			);
			productName = FitTimerTests;
			productReference = A005FD2F2CEAB7E600DF4AE1 /* FitTimerTests.xctest */;
			productType = "com.apple.product-type.bundle.unit-test";
		};
		A005FD382CEAB7E600DF4AE1 /* FitTimerUITests */ = {
			isa = PBXNativeTarget;
			buildConfigurationList = A005FD492CEAB7E600DF4AE1 /* Build configuration list for PBXNativeTarget "FitTimerUITests" */;
			buildPhases = (
				A005FD352CEAB7E600DF4AE1 /* Sources */,
				A005FD362CEAB7E600DF4AE1 /* Frameworks */,
				A005FD372CEAB7E600DF4AE1 /* Resources */,
			);
			buildRules = (
			);
			dependencies = (
				A005FD3B2CEAB7E600DF4AE1 /* PBXTargetDependency */,
			);
			fileSystemSynchronizedGroups = (
				A005FD3C2CEAB7E600DF4AE1 /* FitTimerUITests */,
			);
			name = FitTimerUITests;
			packageProductDependencies = (
			);
			productName = FitTimerUITests;
			productReference = A005FD392CEAB7E600DF4AE1 /* FitTimerUITests.xctest */;
			productType = "com.apple.product-type.bundle.ui-testing";
		};
/* End PBXNativeTarget section */

/* Begin PBXProject section */
		A005FD172CEAB7E400DF4AE1 /* Project object */ = {
			isa = PBXProject;
			attributes = {
				BuildIndependentTargetsInParallel = 1;
				LastSwiftUpdateCheck = 1600;
				LastUpgradeCheck = 1600;
				TargetAttributes = {
					A005FD1E2CEAB7E400DF4AE1 = {
						CreatedOnToolsVersion = 16.0;
					};
					A005FD2E2CEAB7E600DF4AE1 = {
						CreatedOnToolsVersion = 16.0;
						TestTargetID = A005FD1E2CEAB7E400DF4AE1;
					};
					A005FD382CEAB7E600DF4AE1 = {
						CreatedOnToolsVersion = 16.0;
						TestTargetID = A005FD1E2CEAB7E400DF4AE1;
					};
				};
			};
			buildConfigurationList = A005FD1A2CEAB7E400DF4AE1 /* Build configuration list for PBXProject "FitTimer" */;
			developmentRegion = en;
			hasScannedForEncodings = 0;
			knownRegions = (
				en,
				Base,
			);
			mainGroup = A005FD162CEAB7E400DF4AE1;
			minimizedProjectReferenceProxies = 1;
			preferredProjectObjectVersion = 77;
			productRefGroup = A005FD202CEAB7E400DF4AE1 /* Products */;
			projectDirPath = "";
			projectRoot = "";
			targets = (
				A005FD1E2CEAB7E400DF4AE1 /* FitTimer */,
				A005FD2E2CEAB7E600DF4AE1 /* FitTimerTests */,
				A005FD382CEAB7E600DF4AE1 /* FitTimerUITests */,
			);
		};
/* End PBXProject section */

/* Begin PBXResourcesBuildPhase section */
		A005FD1D2CEAB7E400DF4AE1 /* Resources */ = {
			isa = PBXResourcesBuildPhase;
			buildActionMask = 2147483647;
			files = (
			);
			runOnlyForDeploymentPostprocessing = 0;
		};
		A005FD2D2CEAB7E600DF4AE1 /* Resources */ = {
			isa = PBXResourcesBuildPhase;
			buildActionMask = 2147483647;
			files = (
			);
			runOnlyForDeploymentPostprocessing = 0;
		};
		A005FD372CEAB7E600DF4AE1 /* Resources */ = {
			isa = PBXResourcesBuildPhase;
			buildActionMask = 2147483647;
			files = (
			);
			runOnlyForDeploymentPostprocessing = 0;
		};
/* End PBXResourcesBuildPhase section */

/* Begin PBXSourcesBuildPhase section */
		A005FD1B2CEAB7E400DF4AE1 /* Sources */ = {
			isa = PBXSourcesBuildPhase;
			buildActionMask = 2147483647;
			files = (
			);
			runOnlyForDeploymentPostprocessing = 0;
		};
		A005FD2B2CEAB7E600DF4AE1 /* Sources */ = {
			isa = PBXSourcesBuildPhase;
			buildActionMask = 2147483647;
			files = (
			);
			runOnlyForDeploymentPostprocessing = 0;
		};
		A005FD352CEAB7E600DF4AE1 /* Sources */ = {
			isa = PBXSourcesBuildPhase;
			buildActionMask = 2147483647;
			files = (
			);
			runOnlyForDeploymentPostprocessing = 0;
		};
/* End PBXSourcesBuildPhase section */

/* Begin PBXTargetDependency section */
		A005FD312CEAB7E600DF4AE1 /* PBXTargetDependency */ = {
			isa = PBXTargetDependency;
			target = A005FD1E2CEAB7E400DF4AE1 /* FitTimer */;
			targetProxy = A005FD302CEAB7E600DF4AE1 /* PBXContainerItemProxy */;
		};
		A005FD3B2CEAB7E600DF4AE1 /* PBXTargetDependency */ = {
			isa = PBXTargetDependency;
			target = A005FD1E2CEAB7E400DF4AE1 /* FitTimer */;
			targetProxy = A005FD3A2CEAB7E600DF4AE1 /* PBXContainerItemProxy */;
		};
/* End PBXTargetDependency section */

/* Begin XCBuildConfiguration section */
		A005FD412CEAB7E600DF4AE1 /* Debug */ = {
			isa = XCBuildConfiguration;
			buildSettings = {
				ALWAYS_SEARCH_USER_PATHS = NO;
				ASSETCATALOG_COMPILER_GENERATE_SWIFT_ASSET_SYMBOL_EXTENSIONS = YES;
				CLANG_ANALYZER_NONNULL = YES;
				CLANG_ANALYZER_NUMBER_OBJECT_CONVERSION = YES_AGGRESSIVE;
				CLANG_CXX_LANGUAGE_STANDARD = "gnu++20";
				CLANG_ENABLE_MODULES = YES;
				CLANG_ENABLE_OBJC_ARC = YES;
				CLANG_ENABLE_OBJC_WEAK = YES;
				CLANG_WARN_BLOCK_CAPTURE_AUTORELEASING = YES;
				CLANG_WARN_BOOL_CONVERSION = YES;
				CLANG_WARN_COMMA = YES;
				CLANG_WARN_CONSTANT_CONVERSION = YES;
				CLANG_WARN_DEPRECATED_OBJC_IMPLEMENTATIONS = YES;
				CLANG_WARN_DIRECT_OBJC_ISA_USAGE = YES_ERROR;
				CLANG_WARN_DOCUMENTATION_COMMENTS = YES;
				CLANG_WARN_EMPTY_BODY = YES;
				CLANG_WARN_ENUM_CONVERSION = YES;
				CLANG_WARN_INFINITE_RECURSION = YES;
				CLANG_WARN_INT_CONVERSION = YES;
				CLANG_WARN_NON_LITERAL_NULL_CONVERSION = YES;
				CLANG_WARN_OBJC_IMPLICIT_RETAIN_SELF = YES;
				CLANG_WARN_OBJC_LITERAL_CONVERSION = YES;
				CLANG_WARN_OBJC_ROOT_CLASS = YES_ERROR;
				CLANG_WARN_QUOTED_INCLUDE_IN_FRAMEWORK_HEADER = YES;
				CLANG_WARN_RANGE_LOOP_ANALYSIS = YES;
				CLANG_WARN_STRICT_PROTOTYPES = YES;
				CLANG_WARN_SUSPICIOUS_MOVE = YES;
				CLANG_WARN_UNGUARDED_AVAILABILITY = YES_AGGRESSIVE;
				CLANG_WARN_UNREACHABLE_CODE = YES;
				CLANG_WARN__DUPLICATE_METHOD_MATCH = YES;
				COPY_PHASE_STRIP = NO;
				DEBUG_INFORMATION_FORMAT = dwarf;
				ENABLE_STRICT_OBJC_MSGSEND = YES;
				ENABLE_TESTABILITY = YES;
				ENABLE_USER_SCRIPT_SANDBOXING = YES;
				GCC_C_LANGUAGE_STANDARD = gnu17;
				GCC_DYNAMIC_NO_PIC = NO;
				GCC_NO_COMMON_BLOCKS = YES;
				GCC_OPTIMIZATION_LEVEL = 0;
				GCC_PREPROCESSOR_DEFINITIONS = (
					"DEBUG=1",
					"$(inherited)",
				);
				GCC_WARN_64_TO_32_BIT_CONVERSION = YES;
				GCC_WARN_ABOUT_RETURN_TYPE = YES_ERROR;
				GCC_WARN_UNDECLARED_SELECTOR = YES;
				GCC_WARN_UNINITIALIZED_AUTOS = YES_AGGRESSIVE;
				GCC_WARN_UNUSED_FUNCTION = YES;
				GCC_WARN_UNUSED_VARIABLE = YES;
				IPHONEOS_DEPLOYMENT_TARGET = 18.0;
				LOCALIZATION_PREFERS_STRING_CATALOGS = YES;
				MTL_ENABLE_DEBUG_INFO = INCLUDE_SOURCE;
				MTL_FAST_MATH = YES;
				ONLY_ACTIVE_ARCH = YES;
				SDKROOT = iphoneos;
				SWIFT_ACTIVE_COMPILATION_CONDITIONS = "DEBUG $(inherited)";
				SWIFT_OPTIMIZATION_LEVEL = "-Onone";
			};
			name = Debug;
		};
		A005FD422CEAB7E600DF4AE1 /* Release */ = {
			isa = XCBuildConfiguration;
			buildSettings = {
				ALWAYS_SEARCH_USER_PATHS = NO;
				ASSETCATALOG_COMPILER_GENERATE_SWIFT_ASSET_SYMBOL_EXTENSIONS = YES;
				CLANG_ANALYZER_NONNULL = YES;
				CLANG_ANALYZER_NUMBER_OBJECT_CONVERSION = YES_AGGRESSIVE;
				CLANG_CXX_LANGUAGE_STANDARD = "gnu++20";
				CLANG_ENABLE_MODULES = YES;
				CLANG_ENABLE_OBJC_ARC = YES;
				CLANG_ENABLE_OBJC_WEAK = YES;
				CLANG_WARN_BLOCK_CAPTURE_AUTORELEASING = YES;
				CLANG_WARN_BOOL_CONVERSION = YES;
				CLANG_WARN_COMMA = YES;
				CLANG_WARN_CONSTANT_CONVERSION = YES;
				CLANG_WARN_DEPRECATED_OBJC_IMPLEMENTATIONS = YES;
				CLANG_WARN_DIRECT_OBJC_ISA_USAGE = YES_ERROR;
				CLANG_WARN_DOCUMENTATION_COMMENTS = YES;
				CLANG_WARN_EMPTY_BODY = YES;
				CLANG_WARN_ENUM_CONVERSION = YES;
				CLANG_WARN_INFINITE_RECURSION = YES;
				CLANG_WARN_INT_CONVERSION = YES;
				CLANG_WARN_NON_LITERAL_NULL_CONVERSION = YES;
				CLANG_WARN_OBJC_IMPLICIT_RETAIN_SELF = YES;
				CLANG_WARN_OBJC_LITERAL_CONVERSION = YES;
				CLANG_WARN_OBJC_ROOT_CLASS = YES_ERROR;
				CLANG_WARN_QUOTED_INCLUDE_IN_FRAMEWORK_HEADER = YES;
				CLANG_WARN_RANGE_LOOP_ANALYSIS = YES;
				CLANG_WARN_STRICT_PROTOTYPES = YES;
				CLANG_WARN_SUSPICIOUS_MOVE = YES;
				CLANG_WARN_UNGUARDED_AVAILABILITY = YES_AGGRESSIVE;
				CLANG_WARN_UNREACHABLE_CODE = YES;
				CLANG_WARN__DUPLICATE_METHOD_MATCH = YES;
				COPY_PHASE_STRIP = NO;
				DEBUG_INFORMATION_FORMAT = "dwarf-with-dsym";
				ENABLE_NS_ASSERTIONS = NO;
				ENABLE_STRICT_OBJC_MSGSEND = YES;
				ENABLE_USER_SCRIPT_SANDBOXING = YES;
				GCC_C_LANGUAGE_STANDARD = gnu17;
				GCC_NO_COMMON_BLOCKS = YES;
				GCC_WARN_64_TO_32_BIT_CONVERSION = YES;
				GCC_WARN_ABOUT_RETURN_TYPE = YES_ERROR;
				GCC_WARN_UNDECLARED_SELECTOR = YES;
				GCC_WARN_UNINITIALIZED_AUTOS = YES_AGGRESSIVE;
				GCC_WARN_UNUSED_FUNCTION = YES;
				GCC_WARN_UNUSED_VARIABLE = YES;
				IPHONEOS_DEPLOYMENT_TARGET = 18.0;
				LOCALIZATION_PREFERS_STRING_CATALOGS = YES;
				MTL_ENABLE_DEBUG_INFO = NO;
				MTL_FAST_MATH = YES;
				SDKROOT = iphoneos;
				SWIFT_COMPILATION_MODE = wholemodule;
				VALIDATE_PRODUCT = YES;
			};
			name = Release;
		};
		A005FD442CEAB7E600DF4AE1 /* Debug */ = {
			isa = XCBuildConfiguration;
			buildSettings = {
				ASSETCATALOG_COMPILER_APPICON_NAME = AppIcon;
				ASSETCATALOG_COMPILER_GLOBAL_ACCENT_COLOR_NAME = AccentColor;
				CODE_SIGN_STYLE = Automatic;
				CURRENT_PROJECT_VERSION = 1;
				DEVELOPMENT_ASSET_PATHS = "\"FitTimer/Preview Content\"";
				DEVELOPMENT_TEAM = UXX67B9ASA;
				ENABLE_PREVIEWS = YES;
				GENERATE_INFOPLIST_FILE = YES;
				INFOPLIST_KEY_UIApplicationSceneManifest_Generation = YES;
				INFOPLIST_KEY_UIApplicationSupportsIndirectInputEvents = YES;
				INFOPLIST_KEY_UILaunchScreen_Generation = YES;
				INFOPLIST_KEY_UISupportedInterfaceOrientations_iPad = "UIInterfaceOrientationPortrait UIInterfaceOrientationPortraitUpsideDown UIInterfaceOrientationLandscapeLeft UIInterfaceOrientationLandscapeRight";
				INFOPLIST_KEY_UISupportedInterfaceOrientations_iPhone = "UIInterfaceOrientationPortrait UIInterfaceOrientationLandscapeLeft UIInterfaceOrientationLandscapeRight";
				IPHONEOS_DEPLOYMENT_TARGET = 17.0;
				LD_RUNPATH_SEARCH_PATHS = (
					"$(inherited)",
					"@executable_path/Frameworks",
				);
				MARKETING_VERSION = 1.0;
				PRODUCT_BUNDLE_IDENTIFIER = xyz.gians.FitTimer;
				PRODUCT_NAME = "$(TARGET_NAME)";
				SWIFT_EMIT_LOC_STRINGS = YES;
				SWIFT_VERSION = 5.0;
				TARGETED_DEVICE_FAMILY = "1,2";
			};
			name = Debug;
		};
		A005FD452CEAB7E600DF4AE1 /* Release */ = {
			isa = XCBuildConfiguration;
			buildSettings = {
				ASSETCATALOG_COMPILER_APPICON_NAME = AppIcon;
				ASSETCATALOG_COMPILER_GLOBAL_ACCENT_COLOR_NAME = AccentColor;
				CODE_SIGN_STYLE = Automatic;
				CURRENT_PROJECT_VERSION = 1;
				DEVELOPMENT_ASSET_PATHS = "\"FitTimer/Preview Content\"";
				DEVELOPMENT_TEAM = UXX67B9ASA;
				ENABLE_PREVIEWS = YES;
				GENERATE_INFOPLIST_FILE = YES;
				INFOPLIST_KEY_UIApplicationSceneManifest_Generation = YES;
				INFOPLIST_KEY_UIApplicationSupportsIndirectInputEvents = YES;
				INFOPLIST_KEY_UILaunchScreen_Generation = YES;
				INFOPLIST_KEY_UISupportedInterfaceOrientations_iPad = "UIInterfaceOrientationPortrait UIInterfaceOrientationPortraitUpsideDown UIInterfaceOrientationLandscapeLeft UIInterfaceOrientationLandscapeRight";
				INFOPLIST_KEY_UISupportedInterfaceOrientations_iPhone = "UIInterfaceOrientationPortrait UIInterfaceOrientationLandscapeLeft UIInterfaceOrientationLandscapeRight";
				IPHONEOS_DEPLOYMENT_TARGET = 17.0;
				LD_RUNPATH_SEARCH_PATHS = (
					"$(inherited)",
					"@executable_path/Frameworks",
				);
				MARKETING_VERSION = 1.0;
				PRODUCT_BUNDLE_IDENTIFIER = xyz.gians.FitTimer;
				PRODUCT_NAME = "$(TARGET_NAME)";
				SWIFT_EMIT_LOC_STRINGS = YES;
				SWIFT_VERSION = 5.0;
				TARGETED_DEVICE_FAMILY = "1,2";
			};
			name = Release;
		};
		A005FD472CEAB7E600DF4AE1 /* Debug */ = {
			isa = XCBuildConfiguration;
			buildSettings = {
				BUNDLE_LOADER = "$(TEST_HOST)";
				CODE_SIGN_STYLE = Automatic;
				CURRENT_PROJECT_VERSION = 1;
				GENERATE_INFOPLIST_FILE = YES;
				IPHONEOS_DEPLOYMENT_TARGET = 18.0;
				MARKETING_VERSION = 1.0;
				PRODUCT_BUNDLE_IDENTIFIER = xyz.gians.FitTimerTests;
				PRODUCT_NAME = "$(TARGET_NAME)";
				SWIFT_EMIT_LOC_STRINGS = NO;
				SWIFT_VERSION = 5.0;
				TARGETED_DEVICE_FAMILY = "1,2";
				TEST_HOST = "$(BUILT_PRODUCTS_DIR)/FitTimer.app/$(BUNDLE_EXECUTABLE_FOLDER_PATH)/FitTimer";
			};
			name = Debug;
		};
		A005FD482CEAB7E600DF4AE1 /* Release */ = {
			isa = XCBuildConfiguration;
			buildSettings = {
				BUNDLE_LOADER = "$(TEST_HOST)";
				CODE_SIGN_STYLE = Automatic;
				CURRENT_PROJECT_VERSION = 1;
				GENERATE_INFOPLIST_FILE = YES;
				IPHONEOS_DEPLOYMENT_TARGET = 18.0;
				MARKETING_VERSION = 1.0;
				PRODUCT_BUNDLE_IDENTIFIER = xyz.gians.FitTimerTests;
				PRODUCT_NAME = "$(TARGET_NAME)";
				SWIFT_EMIT_LOC_STRINGS = NO;
				SWIFT_VERSION = 5.0;
				TARGETED_DEVICE_FAMILY = "1,2";
				TEST_HOST = "$(BUILT_PRODUCTS_DIR)/FitTimer.app/$(BUNDLE_EXECUTABLE_FOLDER_PATH)/FitTimer";
			};
			name = Release;
		};
		A005FD4A2CEAB7E600DF4AE1 /* Debug */ = {
			isa = XCBuildConfiguration;
			buildSettings = {
				CODE_SIGN_STYLE = Automatic;
				CURRENT_PROJECT_VERSION = 1;
				GENERATE_INFOPLIST_FILE = YES;
				MARKETING_VERSION = 1.0;
				PRODUCT_BUNDLE_IDENTIFIER = xyz.gians.FitTimerUITests;
				PRODUCT_NAME = "$(TARGET_NAME)";
				SWIFT_EMIT_LOC_STRINGS = NO;
				SWIFT_VERSION = 5.0;
				TARGETED_DEVICE_FAMILY = "1,2";
				TEST_TARGET_NAME = FitTimer;
			};
			name = Debug;
		};
		A005FD4B2CEAB7E600DF4AE1 /* Release */ = {
			isa = XCBuildConfiguration;
			buildSettings = {
				CODE_SIGN_STYLE = Automatic;
				CURRENT_PROJECT_VERSION = 1;
				GENERATE_INFOPLIST_FILE = YES;
				MARKETING_VERSION = 1.0;
				PRODUCT_BUNDLE_IDENTIFIER = xyz.gians.FitTimerUITests;
				PRODUCT_NAME = "$(TARGET_NAME)";
				SWIFT_EMIT_LOC_STRINGS = NO;
				SWIFT_VERSION = 5.0;
				TARGETED_DEVICE_FAMILY = "1,2";
				TEST_TARGET_NAME = FitTimer;
			};
			name = Release;
		};
/* End XCBuildConfiguration section */

/* Begin XCConfigurationList section */
		A005FD1A2CEAB7E400DF4AE1 /* Build configuration list for PBXProject "FitTimer" */ = {
			isa = XCConfigurationList;
			buildConfigurations = (
				A005FD412CEAB7E600DF4AE1 /* Debug */,
				A005FD422CEAB7E600DF4AE1 /* Release */,
			);
			defaultConfigurationIsVisible = 0;
			defaultConfigurationName = Release;
		};
		A005FD432CEAB7E600DF4AE1 /* Build configuration list for PBXNativeTarget "FitTimer" */ = {
			isa = XCConfigurationList;
			buildConfigurations = (
				A005FD442CEAB7E600DF4AE1 /* Debug */,
				A005FD452CEAB7E600DF4AE1 /* Release */,
			);
			defaultConfigurationIsVisible = 0;
			defaultConfigurationName = Release;
		};
		A005FD462CEAB7E600DF4AE1 /* Build configuration list for PBXNativeTarget "FitTimerTests" */ = {
			isa = XCConfigurationList;
			buildConfigurations = (
				A005FD472CEAB7E600DF4AE1 /* Debug */,
				A005FD482CEAB7E600DF4AE1 /* Release */,
			);
			defaultConfigurationIsVisible = 0;
			defaultConfigurationName = Release;
		};
		A005FD492CEAB7E600DF4AE1 /* Build configuration list for PBXNativeTarget "FitTimerUITests" */ = {
			isa = XCConfigurationList;
			buildConfigurations = (
				A005FD4A2CEAB7E600DF4AE1 /* Debug */,
				A005FD4B2CEAB7E600DF4AE1 /* Release */,
			);
			defaultConfigurationIsVisible = 0;
			defaultConfigurationName = Release;
		};
/* End XCConfigurationList section */
	};
	rootObject = A005FD172CEAB7E400DF4AE1 /* Project object */;
}
